
Microsoft Visual Studio Solution File, Format Version 12.00
# Visual Studio Version 16
VisualStudioVersion = 16.0.30517.126
MinimumVisualStudioVersion = 10.0.40219.1
Project("{8BC9CEB8-8B4A-11D0-8D11-00A0C91BC942}") = "cgi_get", "cgi_get\cgi_get.vcxproj", "{33A53B36-8CED-4FFA-B89A-E246FCD660A8}"
EndProject
Global
	GlobalSection(SolutionConfigurationPlatforms) = preSolution
		Debug|x64 = Debug|x64
		Debug|x86 = Debug|x86
		Release|x64 = Release|x64
		Release|x86 = Release|x86
	EndGlobalSection
	GlobalSection(ProjectConfigurationPlatforms) = postSolution
		{33A53B36-8CED-4FFA-B89A-E246FCD660A8}.Debug|x64.ActiveCfg = Debug|x64
		{33A53B36-8CED-4FFA-B89A-E246FCD660A8}.Debug|x64.Build.0 = Debug|x64
		{33A53B36-8CED-4FFA-B89A-E246FCD660A8}.Debug|x86.ActiveCfg = Debug|Win32
		{33A53B36-8CED-4FFA-B89A-E246FCD660A8}.Debug|x86.Build.0 = Debug|Win32
		{33A53B36-8CED-4FFA-B89A-E246FCD660A8}.Release|x64.ActiveCfg = Release|x64
		{33A53B36-8CED-4FFA-B89A-E246FCD660A8}.Release|x64.Build.0 = Release|x64
		{33A53B36-8CED-4FFA-B89A-E246FCD660A8}.Release|x86.ActiveCfg = Release|Win32
		{33A53B36-8CED-4FFA-B89A-E246FCD660A8}.Release|x86.Build.0 = Release|Win32
	EndGlobalSection
	GlobalSection(SolutionProperties) = preSolution
		HideSolutionNode = FALSE
	EndGlobalSection
	GlobalSection(ExtensibilityGlobals) = postSolution
		SolutionGuid = {DA788D39-AF6B-452F-BB91-B12D8D3284B2}
	EndGlobalSection
EndGlobal
